
Microsoft Visual Studio Solution File, Format Version 12.00
# Visual Studio Version 17
VisualStudioVersion = 17.5.33516.290
MinimumVisualStudioVersion = 10.0.40219.1
Project("{9A19103F-16F7-4668-BE54-9A1E7A4F7556}") = "Education.Site", "EducationGuide\Education.Site.csproj", "{BAAEE8D1-F2DC-4D87-B17A-EE24F4FBA0A3}"
EndProject
Project("{9A19103F-16F7-4668-BE54-9A1E7A4F7556}") = "Infrastructure", "Infrastructure\Infrastructure.csproj", "{94DD84C2-33B1-429A-AD40-90C5D45EB9F5}"
EndProject
Project("{9A19103F-16F7-4668-BE54-9A1E7A4F7556}") = "Core", "Core\Core.csproj", "{7A38DE48-33C5-4D63-B29A-417F59167CC8}"
EndProject
Global
	GlobalSection(SolutionConfigurationPlatforms) = preSolution
		Debug|Any CPU = Debug|Any CPU
		Release|Any CPU = Release|Any CPU
	EndGlobalSection
	GlobalSection(ProjectConfigurationPlatforms) = postSolution
		{BAAEE8D1-F2DC-4D87-B17A-EE24F4FBA0A3}.Debug|Any CPU.ActiveCfg = Debug|Any CPU
		{BAAEE8D1-F2DC-4D87-B17A-EE24F4FBA0A3}.Debug|Any CPU.Build.0 = Debug|Any CPU
		{BAAEE8D1-F2DC-4D87-B17A-EE24F4FBA0A3}.Release|Any CPU.ActiveCfg = Release|Any CPU
		{BAAEE8D1-F2DC-4D87-B17A-EE24F4FBA0A3}.Release|Any CPU.Build.0 = Release|Any CPU
		{94DD84C2-33B1-429A-AD40-90C5D45EB9F5}.Debug|Any CPU.ActiveCfg = Debug|Any CPU
		{94DD84C2-33B1-429A-AD40-90C5D45EB9F5}.Debug|Any CPU.Build.0 = Debug|Any CPU
		{94DD84C2-33B1-429A-AD40-90C5D45EB9F5}.Release|Any CPU.ActiveCfg = Release|Any CPU
		{94DD84C2-33B1-429A-AD40-90C5D45EB9F5}.Release|Any CPU.Build.0 = Release|Any CPU
		{7A38DE48-33C5-4D63-B29A-417F59167CC8}.Debug|Any CPU.ActiveCfg = Debug|Any CPU
		{7A38DE48-33C5-4D63-B29A-417F59167CC8}.Debug|Any CPU.Build.0 = Debug|Any CPU
		{7A38DE48-33C5-4D63-B29A-417F59167CC8}.Release|Any CPU.ActiveCfg = Release|Any CPU
		{7A38DE48-33C5-4D63-B29A-417F59167CC8}.Release|Any CPU.Build.0 = Release|Any CPU
	EndGlobalSection
	GlobalSection(SolutionProperties) = preSolution
		HideSolutionNode = FALSE
	EndGlobalSection
	GlobalSection(ExtensibilityGlobals) = postSolution
		SolutionGuid = {E8F458D0-167D-42FF-BE2C-7709DF708022}
	EndGlobalSection
EndGlobal
